
Microsoft Visual Studio Solution File, Format Version 12.00
# Visual Studio 15
VisualStudioVersion = 15.0.27130.2027
MinimumVisualStudioVersion = 10.0.40219.1
Project("{FAE04EC0-301F-11D3-BF4B-00C04F79EFBC}") = "ChallengeHeroMonsterClassesPart1", "ChallengeHeroMonsterClassesPart1\ChallengeHeroMonsterClassesPart1.csproj", "{C6476B80-2193-4948-B5A8-35636E36451C}"
EndProject
Global
	GlobalSection(SolutionConfigurationPlatforms) = preSolution
		Debug|Any CPU = Debug|Any CPU
		Release|Any CPU = Release|Any CPU
	EndGlobalSection
	GlobalSection(ProjectConfigurationPlatforms) = postSolution
		{C6476B80-2193-4948-B5A8-35636E36451C}.Debug|Any CPU.ActiveCfg = Debug|Any CPU
		{C6476B80-2193-4948-B5A8-35636E36451C}.Debug|Any CPU.Build.0 = Debug|Any CPU
		{C6476B80-2193-4948-B5A8-35636E36451C}.Release|Any CPU.ActiveCfg = Release|Any CPU
		{C6476B80-2193-4948-B5A8-35636E36451C}.Release|Any CPU.Build.0 = Release|Any CPU
	EndGlobalSection
	GlobalSection(SolutionProperties) = preSolution
		HideSolutionNode = FALSE
	EndGlobalSection
	GlobalSection(ExtensibilityGlobals) = postSolution
		SolutionGuid = {D4F30181-EC27-409A-973A-AB4700FCEFF6}
	EndGlobalSection
EndGlobal
